
Microsoft Visual Studio Solution File, Format Version 12.00
# Visual Studio Version 16
VisualStudioVersion = 16.0.30503.244
MinimumVisualStudioVersion = 10.0.40219.1
Project("{FAE04EC0-301F-11D3-BF4B-00C04F79EFBC}") = "MakingWavesTest", "MakingWavesTest\MakingWavesTest.csproj", "{BD615D60-4385-4416-9227-3FD9E59373AD}"
EndProject
Global
	GlobalSection(SolutionConfigurationPlatforms) = preSolution
		Debug|Any CPU = Debug|Any CPU
		Release|Any CPU = Release|Any CPU
	EndGlobalSection
	GlobalSection(ProjectConfigurationPlatforms) = postSolution
		{BD615D60-4385-4416-9227-3FD9E59373AD}.Debug|Any CPU.ActiveCfg = Debug|Any CPU
		{BD615D60-4385-4416-9227-3FD9E59373AD}.Debug|Any CPU.Build.0 = Debug|Any CPU
		{BD615D60-4385-4416-9227-3FD9E59373AD}.Release|Any CPU.ActiveCfg = Release|Any CPU
		{BD615D60-4385-4416-9227-3FD9E59373AD}.Release|Any CPU.Build.0 = Release|Any CPU
	EndGlobalSection
	GlobalSection(SolutionProperties) = preSolution
		HideSolutionNode = FALSE
	EndGlobalSection
	GlobalSection(ExtensibilityGlobals) = postSolution
		SolutionGuid = {A06338AD-C83E-47C9-B008-D3FF5E9CF075}
	EndGlobalSection
EndGlobal
